
Microsoft Visual Studio Solution File, Format Version 12.00
# Visual Studio Version 16
VisualStudioVersion = 16.0.31005.135
MinimumVisualStudioVersion = 10.0.40219.1
Project("{FAE04EC0-301F-11D3-BF4B-00C04F79EFBC}") = "Pipeline2", "Pipeline2\Pipeline2.csproj", "{FD486D14-A6CE-45B8-AC82-C3B219B0B47F}"
EndProject
Global
	GlobalSection(SolutionConfigurationPlatforms) = preSolution
		Debug|Any CPU = Debug|Any CPU
		Release|Any CPU = Release|Any CPU
	EndGlobalSection
	GlobalSection(ProjectConfigurationPlatforms) = postSolution
		{FD486D14-A6CE-45B8-AC82-C3B219B0B47F}.Debug|Any CPU.ActiveCfg = Debug|Any CPU
		{FD486D14-A6CE-45B8-AC82-C3B219B0B47F}.Debug|Any CPU.Build.0 = Debug|Any CPU
		{FD486D14-A6CE-45B8-AC82-C3B219B0B47F}.Release|Any CPU.ActiveCfg = Release|Any CPU
		{FD486D14-A6CE-45B8-AC82-C3B219B0B47F}.Release|Any CPU.Build.0 = Release|Any CPU
	EndGlobalSection
	GlobalSection(SolutionProperties) = preSolution
		HideSolutionNode = FALSE
	EndGlobalSection
	GlobalSection(ExtensibilityGlobals) = postSolution
		SolutionGuid = {FDDDE0C5-5FB3-4723-A283-1F699B10C699}
	EndGlobalSection
EndGlobal
